
Microsoft Visual Studio Solution File, Format Version 12.00
# Visual Studio 15
VisualStudioVersion = 15.0.26430.6
MinimumVisualStudioVersion = 10.0.40219.1
Project("{FAE04EC0-301F-11D3-BF4B-00C04F79EFBC}") = "PUC.Rasterizacao.Controller", "src\PUC.Rasterizacao.Controller\PUC.Rasterizacao.Controller.csproj", "{DEE9C61A-D503-4BDD-9504-9E94D71717C1}"
EndProject
Project("{FAE04EC0-301F-11D3-BF4B-00C04F79EFBC}") = "PUC.Rasterizacao.Model", "src\PUC.Rasterizacao.Model\PUC.Rasterizacao.Model.csproj", "{2E4DAAD5-CAED-495A-8195-A6083D76F6AB}"
EndProject
Project("{FAE04EC0-301F-11D3-BF4B-00C04F79EFBC}") = "PUC.Rasterizacao.View", "src\PUC.Rasterizacao.View\PUC.Rasterizacao.View.csproj", "{CA269EAE-7127-4801-99D8-A1442F4F1BA2}"
EndProject
Global
	GlobalSection(SolutionConfigurationPlatforms) = preSolution
		Debug|Any CPU = Debug|Any CPU
		Debug|ARM = Debug|ARM
		Debug|x64 = Debug|x64
		Debug|x86 = Debug|x86
		Release|Any CPU = Release|Any CPU
		Release|ARM = Release|ARM
		Release|x64 = Release|x64
		Release|x86 = Release|x86
	EndGlobalSection
	GlobalSection(ProjectConfigurationPlatforms) = postSolution
		{DEE9C61A-D503-4BDD-9504-9E94D71717C1}.Debug|Any CPU.ActiveCfg = Debug|Any CPU
		{DEE9C61A-D503-4BDD-9504-9E94D71717C1}.Debug|Any CPU.Build.0 = Debug|Any CPU
		{DEE9C61A-D503-4BDD-9504-9E94D71717C1}.Debug|ARM.ActiveCfg = Debug|Any CPU
		{DEE9C61A-D503-4BDD-9504-9E94D71717C1}.Debug|ARM.Build.0 = Debug|Any CPU
		{DEE9C61A-D503-4BDD-9504-9E94D71717C1}.Debug|x64.ActiveCfg = Debug|Any CPU
		{DEE9C61A-D503-4BDD-9504-9E94D71717C1}.Debug|x64.Build.0 = Debug|Any CPU
		{DEE9C61A-D503-4BDD-9504-9E94D71717C1}.Debug|x86.ActiveCfg = Debug|Any CPU
		{DEE9C61A-D503-4BDD-9504-9E94D71717C1}.Debug|x86.Build.0 = Debug|Any CPU
		{DEE9C61A-D503-4BDD-9504-9E94D71717C1}.Release|Any CPU.ActiveCfg = Release|Any CPU
		{DEE9C61A-D503-4BDD-9504-9E94D71717C1}.Release|Any CPU.Build.0 = Release|Any CPU
		{DEE9C61A-D503-4BDD-9504-9E94D71717C1}.Release|ARM.ActiveCfg = Release|Any CPU
		{DEE9C61A-D503-4BDD-9504-9E94D71717C1}.Release|ARM.Build.0 = Release|Any CPU
		{DEE9C61A-D503-4BDD-9504-9E94D71717C1}.Release|x64.ActiveCfg = Release|Any CPU
		{DEE9C61A-D503-4BDD-9504-9E94D71717C1}.Release|x64.Build.0 = Release|Any CPU
		{DEE9C61A-D503-4BDD-9504-9E94D71717C1}.Release|x86.ActiveCfg = Release|Any CPU
		{DEE9C61A-D503-4BDD-9504-9E94D71717C1}.Release|x86.Build.0 = Release|Any CPU
		{2E4DAAD5-CAED-495A-8195-A6083D76F6AB}.Debug|Any CPU.ActiveCfg = Debug|Any CPU
		{2E4DAAD5-CAED-495A-8195-A6083D76F6AB}.Debug|Any CPU.Build.0 = Debug|Any CPU
		{2E4DAAD5-CAED-495A-8195-A6083D76F6AB}.Debug|ARM.ActiveCfg = Debug|Any CPU
		{2E4DAAD5-CAED-495A-8195-A6083D76F6AB}.Debug|ARM.Build.0 = Debug|Any CPU
		{2E4DAAD5-CAED-495A-8195-A6083D76F6AB}.Debug|x64.ActiveCfg = Debug|Any CPU
		{2E4DAAD5-CAED-495A-8195-A6083D76F6AB}.Debug|x64.Build.0 = Debug|Any CPU
		{2E4DAAD5-CAED-495A-8195-A6083D76F6AB}.Debug|x86.ActiveCfg = Debug|Any CPU
		{2E4DAAD5-CAED-495A-8195-A6083D76F6AB}.Debug|x86.Build.0 = Debug|Any CPU
		{2E4DAAD5-CAED-495A-8195-A6083D76F6AB}.Release|Any CPU.ActiveCfg = Release|Any CPU
		{2E4DAAD5-CAED-495A-8195-A6083D76F6AB}.Release|Any CPU.Build.0 = Release|Any CPU
		{2E4DAAD5-CAED-495A-8195-A6083D76F6AB}.Release|ARM.ActiveCfg = Release|Any CPU
		{2E4DAAD5-CAED-495A-8195-A6083D76F6AB}.Release|ARM.Build.0 = Release|Any CPU
		{2E4DAAD5-CAED-495A-8195-A6083D76F6AB}.Release|x64.ActiveCfg = Release|Any CPU
		{2E4DAAD5-CAED-495A-8195-A6083D76F6AB}.Release|x64.Build.0 = Release|Any CPU
		{2E4DAAD5-CAED-495A-8195-A6083D76F6AB}.Release|x86.ActiveCfg = Release|Any CPU
		{2E4DAAD5-CAED-495A-8195-A6083D76F6AB}.Release|x86.Build.0 = Release|Any CPU
		{CA269EAE-7127-4801-99D8-A1442F4F1BA2}.Debug|Any CPU.ActiveCfg = Debug|Any CPU
		{CA269EAE-7127-4801-99D8-A1442F4F1BA2}.Debug|Any CPU.Build.0 = Debug|Any CPU
		{CA269EAE-7127-4801-99D8-A1442F4F1BA2}.Debug|ARM.ActiveCfg = Debug|Any CPU
		{CA269EAE-7127-4801-99D8-A1442F4F1BA2}.Debug|ARM.Build.0 = Debug|Any CPU
		{CA269EAE-7127-4801-99D8-A1442F4F1BA2}.Debug|x64.ActiveCfg = Debug|Any CPU
		{CA269EAE-7127-4801-99D8-A1442F4F1BA2}.Debug|x64.Build.0 = Debug|Any CPU
		{CA269EAE-7127-4801-99D8-A1442F4F1BA2}.Debug|x86.ActiveCfg = Debug|Any CPU
		{CA269EAE-7127-4801-99D8-A1442F4F1BA2}.Debug|x86.Build.0 = Debug|Any CPU
		{CA269EAE-7127-4801-99D8-A1442F4F1BA2}.Release|Any CPU.ActiveCfg = Release|Any CPU
		{CA269EAE-7127-4801-99D8-A1442F4F1BA2}.Release|Any CPU.Build.0 = Release|Any CPU
		{CA269EAE-7127-4801-99D8-A1442F4F1BA2}.Release|ARM.ActiveCfg = Release|Any CPU
		{CA269EAE-7127-4801-99D8-A1442F4F1BA2}.Release|ARM.Build.0 = Release|Any CPU
		{CA269EAE-7127-4801-99D8-A1442F4F1BA2}.Release|x64.ActiveCfg = Release|Any CPU
		{CA269EAE-7127-4801-99D8-A1442F4F1BA2}.Release|x64.Build.0 = Release|Any CPU
		{CA269EAE-7127-4801-99D8-A1442F4F1BA2}.Release|x86.ActiveCfg = Release|Any CPU
		{CA269EAE-7127-4801-99D8-A1442F4F1BA2}.Release|x86.Build.0 = Release|Any CPU
	EndGlobalSection
	GlobalSection(SolutionProperties) = preSolution
		HideSolutionNode = FALSE
	EndGlobalSection
EndGlobal
